
Microsoft Visual Studio Solution File, Format Version 12.00
# Visual Studio Version 16
VisualStudioVersion = 16.0.31911.196
MinimumVisualStudioVersion = 10.0.40219.1
Project("{FAE04EC0-301F-11D3-BF4B-00C04F79EFBC}") = "Console_PsuedoCode_Ornek", "Console_PsuedoCode_Ornek\Console_PsuedoCode_Ornek.csproj", "{B1C5350A-312C-4F94-8BFA-454C36C384AA}"
EndProject
Global
	GlobalSection(SolutionConfigurationPlatforms) = preSolution
		Debug|Any CPU = Debug|Any CPU
		Release|Any CPU = Release|Any CPU
	EndGlobalSection
	GlobalSection(ProjectConfigurationPlatforms) = postSolution
		{B1C5350A-312C-4F94-8BFA-454C36C384AA}.Debug|Any CPU.ActiveCfg = Debug|Any CPU
		{B1C5350A-312C-4F94-8BFA-454C36C384AA}.Debug|Any CPU.Build.0 = Debug|Any CPU
		{B1C5350A-312C-4F94-8BFA-454C36C384AA}.Release|Any CPU.ActiveCfg = Release|Any CPU
		{B1C5350A-312C-4F94-8BFA-454C36C384AA}.Release|Any CPU.Build.0 = Release|Any CPU
	EndGlobalSection
	GlobalSection(SolutionProperties) = preSolution
		HideSolutionNode = FALSE
	EndGlobalSection
	GlobalSection(ExtensibilityGlobals) = postSolution
		SolutionGuid = {5EF20C8F-6380-4F0C-8967-5C0169763E80}
	EndGlobalSection
EndGlobal
